
Microsoft Visual Studio Solution File, Format Version 12.00
# Visual Studio Version 17
VisualStudioVersion = 17.9.34622.214
MinimumVisualStudioVersion = 10.0.40219.1
Project("{FAE04EC0-301F-11D3-BF4B-00C04F79EFBC}") = "WpfApp1", "WpfApp1\WpfApp1.csproj", "{FE348D3B-44E8-4B85-825D-771FC492D0B6}"
EndProject
Global
	GlobalSection(SolutionConfigurationPlatforms) = preSolution
		Debug|Any CPU = Debug|Any CPU
		Release|Any CPU = Release|Any CPU
	EndGlobalSection
	GlobalSection(ProjectConfigurationPlatforms) = postSolution
		{FE348D3B-44E8-4B85-825D-771FC492D0B6}.Debug|Any CPU.ActiveCfg = Debug|Any CPU
		{FE348D3B-44E8-4B85-825D-771FC492D0B6}.Debug|Any CPU.Build.0 = Debug|Any CPU
		{FE348D3B-44E8-4B85-825D-771FC492D0B6}.Release|Any CPU.ActiveCfg = Release|Any CPU
		{FE348D3B-44E8-4B85-825D-771FC492D0B6}.Release|Any CPU.Build.0 = Release|Any CPU
	EndGlobalSection
	GlobalSection(SolutionProperties) = preSolution
		HideSolutionNode = FALSE
	EndGlobalSection
	GlobalSection(ExtensibilityGlobals) = postSolution
		SolutionGuid = {53A540B8-07EA-481E-AA1A-A9B0D594CE5F}
	EndGlobalSection
EndGlobal
